{
  "name": "mcp-quickstart-ts",
  "version": "1.0.0",
  "lockfileVersion": 3,
  "requires": true,
  "packages": {
    "": {
      "name": "mcp-quickstart-ts",
      "version": "1.0.0",
      "license": "ISC",
      "dependencies": {
        "@modelcontextprotocol/sdk": "^1.0.3"
      },
      "devDependencies": {
        "@types/node": "^22.10.0",
        "typescript": "^5.7.2"
      }
    },
    "node_modules/@modelcontextprotocol/sdk": {
      "version": "1.0.3",
      "resolved": "https://artifactory.infra.ant.dev:443/artifactory/api/npm/npm-all/@modelcontextprotocol/sdk/-/sdk-1.0.3.tgz",
      "integrity": "sha512-2as3cX/VJ0YBHGmdv3GFyTpoM8q2gqE98zh3Vf1NwnsSY0h3mvoO07MUzfygCKkWsFjcZm4otIiqD6Xh7kiSBQ==",
      "dependencies": {
        "content-type": "^1.0.5",
        "raw-body": "^3.0.0",
        "zod": "^3.23.8"
      }
    },
    "node_modules/@types/node": {
      "version": "22.10.0",
      "resolved": "https://artifactory.infra.ant.dev:443/artifactory/api/npm/npm-all/@types/node/-/node-22.10.0.tgz",
      "integrity": "sha512-XC70cRZVElFHfIUB40FgZOBbgJYFKKMa5nb9lxcwYstFG/Mi+/Y0bGS+rs6Dmhmkpq4pnNiLiuZAbc02YCOnmA==",
      "dev": true,
      "dependencies": {
        "undici-types": "~6.20.0"
      }
    },
    "node_modules/bytes": {
      "version": "3.1.2",
      "resolved": "https://artifactory.infra.ant.dev:443/artifactory/api/npm/npm-all/bytes/3.1.2/bytes-3.1.2.tgz",
      "integrity": "sha1-iwvuuYYFrfGxKPpDhkA8AJ4CIaU=",
      "engines": {
        "node": ">= 0.8"
      }
    },
    "node_modules/content-type": {
      "version": "1.0.5",
      "resolved": "https://artifactory.infra.ant.dev:443/artifactory/api/npm/npm-all/content-type/1.0.5/content-type-1.0.5.tgz",
      "integrity": "sha1-i3cxYmVtHRCGeEyPI6VM5tc9eRg=",
      "engines": {
        "node": ">= 0.6"
      }
    },
    "node_modules/depd": {
      "version": "2.0.0",
      "resolved": "https://artifactory.infra.ant.dev:443/artifactory/api/npm/npm-all/depd/2.0.0/depd-2.0.0.tgz",
      "integrity": "sha1-tpYWPMdXVg0JzyLMj60Vcbeedt8=",
      "engines": {
        "node": ">= 0.8"
      }
    },
    "node_modules/http-errors": {
      "version": "2.0.0",
      "resolved": "https://artifactory.infra.ant.dev:443/artifactory/api/npm/npm-all/http-errors/2.0.0/http-errors-2.0.0.tgz",
      "integrity": "sha1-t3dKFIbvc892Z6ya4IWMASxXudM=",
      "dependencies": {
        "depd": "2.0.0",
        "inherits": "2.0.4",
        "setprototypeof": "1.2.0",
        "statuses": "2.0.1",
        "toidentifier": "1.0.1"
      },
      "engines": {
        "node": ">= 0.8"
      }
    },
    "node_modules/iconv-lite": {
      "version": "0.6.3",
      "resolved": "https://artifactory.infra.ant.dev:443/artifactory/api/npm/npm-all/iconv-lite/0.6.3/iconv-lite-0.6.3.tgz",
      "integrity": "sha1-pS+AvzjaGVLrXGgXkHGYcaGnJQE=",
      "dependencies": {
        "safer-buffer": ">= 2.1.2 < 3.0.0"
      },
      "engines": {
        "node": ">=0.10.0"
      }
    },
    "node_modules/inherits": {
      "version": "2.0.4",
      "resolved": "https://artifactory.infra.ant.dev:443/artifactory/api/npm/npm-all/inherits/2.0.4/inherits-2.0.4.tgz",
      "integrity": "sha1-D6LGT5MpF8NDOg3tVTY6rjdBa3w="
    },
    "node_modules/raw-body": {
      "version": "3.0.0",
      "resolved": "https://artifactory.infra.ant.dev:443/artifactory/api/npm/npm-all/raw-body/-/raw-body-3.0.0.tgz",
      "integrity": "sha512-RmkhL8CAyCRPXCE28MMH0z2PNWQBNk2Q09ZdxM9IOOXwxwZbN+qbWaatPkdkWIKL2ZVDImrN/pK5HTRz2PcS4g==",
      "dependencies": {
        "bytes": "3.1.2",
        "http-errors": "2.0.0",
        "iconv-lite": "0.6.3",
        "unpipe": "1.0.0"
      },
      "engines": {
        "node": ">= 0.8"
      }
    },
    "node_modules/safer-buffer": {
      "version": "2.1.2",
      "resolved": "https://artifactory.infra.ant.dev:443/artifactory/api/npm/npm-all/safer-buffer/2.1.2/safer-buffer-2.1.2.tgz",
      "integrity": "sha1-RPoWGwGHuVSd2Eu5GAL5vYOFzWo="
    },
    "node_modules/setprototypeof": {
      "version": "1.2.0",
      "resolved": "https://artifactory.infra.ant.dev:443/artifactory/api/npm/npm-all/setprototypeof/1.2.0/setprototypeof-1.2.0.tgz",
      "integrity": "sha1-ZsmiSnP5/CjL5msJ/tPTPcrxtCQ="
    },
    "node_modules/statuses": {
      "version": "2.0.1",
      "resolved": "https://artifactory.infra.ant.dev:443/artifactory/api/npm/npm-all/statuses/2.0.1/statuses-2.0.1.tgz",
      "integrity": "sha1-VcsADM8dSHKL0jxoWgY5mM8aG2M=",
      "engines": {
        "node": ">= 0.8"
      }
    },
    "node_modules/toidentifier": {
      "version": "1.0.1",
      "resolved": "https://artifactory.infra.ant.dev:443/artifactory/api/npm/npm-all/toidentifier/1.0.1/toidentifier-1.0.1.tgz",
      "integrity": "sha1-O+NDIaiKgg7RvYDfqjPkefu43TU=",
      "engines": {
        "node": ">=0.6"
      }
    },
    "node_modules/typescript": {
      "version": "5.7.2",
      "resolved": "https://artifactory.infra.ant.dev:443/artifactory/api/npm/npm-all/typescript/-/typescript-5.7.2.tgz",
      "integrity": "sha512-i5t66RHxDvVN40HfDd1PsEThGNnlMCMT3jMUuoh9/0TaqWevNontacunWyN02LA9/fIbEWlcHZcgTKb9QoaLfg==",
      "dev": true,
      "bin": {
        "tsc": "bin/tsc",
        "tsserver": "bin/tsserver"
      },
      "engines": {
        "node": ">=14.17"
      }
    },
    "node_modules/undici-types": {
      "version": "6.20.0",
      "resolved": "https://artifactory.infra.ant.dev:443/artifactory/api/npm/npm-all/undici-types/-/undici-types-6.20.0.tgz",
      "integrity": "sha512-Ny6QZ2Nju20vw1SRHe3d9jVu6gJ+4e3+MMpqu7pqE5HT6WsTSlce++GQmK5UXS8mzV8DSYHrQH+Xrf2jVcuKNg==",
      "dev": true
    },
    "node_modules/unpipe": {
      "version": "1.0.0",
      "resolved": "https://artifactory.infra.ant.dev:443/artifactory/api/npm/npm-all/unpipe/1.0.0/unpipe-1.0.0.tgz",
      "integrity": "sha1-sr9O6FFKrmFltIF4KdIbLvSZBOw=",
      "engines": {
        "node": ">= 0.8"
      }
    },
    "node_modules/zod": {
      "version": "3.23.8",
      "resolved": "https://artifactory.infra.ant.dev:443/artifactory/api/npm/npm-all/zod/3.23.8/zod-3.23.8.tgz",
      "integrity": "sha1-43uVe11SB5dp+4CXCZtZLw70Bn0=",
      "funding": {
        "url": "https://github.com/sponsors/colinhacks"
      }
    }
  }
}
